
Microsoft Visual Studio Solution File, Format Version 12.00
# Visual Studio Version 17
VisualStudioVersion = 17.9.34607.119
MinimumVisualStudioVersion = 10.0.40219.1
Project("{FAE04EC0-301F-11D3-BF4B-00C04F79EFBC}") = "HomeTask method", "HomeTask method\HomeTask method.csproj", "{CABDE2E8-A144-4594-AF6C-F5F9EA7D89A4}"
EndProject
Global
	GlobalSection(SolutionConfigurationPlatforms) = preSolution
		Debug|Any CPU = Debug|Any CPU
		Release|Any CPU = Release|Any CPU
	EndGlobalSection
	GlobalSection(ProjectConfigurationPlatforms) = postSolution
		{CABDE2E8-A144-4594-AF6C-F5F9EA7D89A4}.Debug|Any CPU.ActiveCfg = Debug|Any CPU
		{CABDE2E8-A144-4594-AF6C-F5F9EA7D89A4}.Debug|Any CPU.Build.0 = Debug|Any CPU
		{CABDE2E8-A144-4594-AF6C-F5F9EA7D89A4}.Release|Any CPU.ActiveCfg = Release|Any CPU
		{CABDE2E8-A144-4594-AF6C-F5F9EA7D89A4}.Release|Any CPU.Build.0 = Release|Any CPU
	EndGlobalSection
	GlobalSection(SolutionProperties) = preSolution
		HideSolutionNode = FALSE
	EndGlobalSection
	GlobalSection(ExtensibilityGlobals) = postSolution
		SolutionGuid = {C77C4F56-DC85-423C-B601-BBB3246B4111}
	EndGlobalSection
EndGlobal
